
Microsoft Visual Studio Solution File, Format Version 12.00
# Visual Studio 15
VisualStudioVersion = 15.0.28307.1525
MinimumVisualStudioVersion = 10.0.40219.1
Project("{8BC9CEB8-8B4A-11D0-8D11-00A0C91BC942}") = "SignFileComponent", "SignFileComponent.vcxproj", "{C496F8AE-4C0B-4F74-B5DF-CE24C86C7F89}"
EndProject
Project("{8BC9CEB8-8B4A-11D0-8D11-00A0C91BC942}") = "TestApp", "..\..\..\..\..\TestApp\TestApp.vcxproj", "{E66BD306-EE12-41B9-9817-54C48CBC3A03}"
EndProject
Global
	GlobalSection(SolutionConfigurationPlatforms) = preSolution
		Debug|ARM = Debug|ARM
		Debug|ARM64 = Debug|ARM64
		Debug|x64 = Debug|x64
		Debug|x86 = Debug|x86
		Release|ARM = Release|ARM
		Release|ARM64 = Release|ARM64
		Release|x64 = Release|x64
		Release|x86 = Release|x86
	EndGlobalSection
	GlobalSection(ProjectConfigurationPlatforms) = postSolution
		{C496F8AE-4C0B-4F74-B5DF-CE24C86C7F89}.Debug|ARM.ActiveCfg = Debug|ARM
		{C496F8AE-4C0B-4F74-B5DF-CE24C86C7F89}.Debug|ARM.Build.0 = Debug|ARM
		{C496F8AE-4C0B-4F74-B5DF-CE24C86C7F89}.Debug|ARM64.ActiveCfg = Debug|ARM64
		{C496F8AE-4C0B-4F74-B5DF-CE24C86C7F89}.Debug|ARM64.Build.0 = Debug|ARM64
		{C496F8AE-4C0B-4F74-B5DF-CE24C86C7F89}.Debug|x64.ActiveCfg = Debug|x64
		{C496F8AE-4C0B-4F74-B5DF-CE24C86C7F89}.Debug|x64.Build.0 = Debug|x64
		{C496F8AE-4C0B-4F74-B5DF-CE24C86C7F89}.Debug|x86.ActiveCfg = Debug|Win32
		{C496F8AE-4C0B-4F74-B5DF-CE24C86C7F89}.Debug|x86.Build.0 = Debug|Win32
		{C496F8AE-4C0B-4F74-B5DF-CE24C86C7F89}.Release|ARM.ActiveCfg = Release|ARM
		{C496F8AE-4C0B-4F74-B5DF-CE24C86C7F89}.Release|ARM.Build.0 = Release|ARM
		{C496F8AE-4C0B-4F74-B5DF-CE24C86C7F89}.Release|ARM64.ActiveCfg = Release|ARM64
		{C496F8AE-4C0B-4F74-B5DF-CE24C86C7F89}.Release|ARM64.Build.0 = Release|ARM64
		{C496F8AE-4C0B-4F74-B5DF-CE24C86C7F89}.Release|x64.ActiveCfg = Release|x64
		{C496F8AE-4C0B-4F74-B5DF-CE24C86C7F89}.Release|x64.Build.0 = Release|x64
		{C496F8AE-4C0B-4F74-B5DF-CE24C86C7F89}.Release|x86.ActiveCfg = Release|Win32
		{C496F8AE-4C0B-4F74-B5DF-CE24C86C7F89}.Release|x86.Build.0 = Release|Win32
		{E66BD306-EE12-41B9-9817-54C48CBC3A03}.Debug|ARM.ActiveCfg = Debug|ARM
		{E66BD306-EE12-41B9-9817-54C48CBC3A03}.Debug|ARM.Build.0 = Debug|ARM
		{E66BD306-EE12-41B9-9817-54C48CBC3A03}.Debug|ARM.Deploy.0 = Debug|ARM
		{E66BD306-EE12-41B9-9817-54C48CBC3A03}.Debug|ARM64.ActiveCfg = Debug|ARM64
		{E66BD306-EE12-41B9-9817-54C48CBC3A03}.Debug|ARM64.Build.0 = Debug|ARM64
		{E66BD306-EE12-41B9-9817-54C48CBC3A03}.Debug|ARM64.Deploy.0 = Debug|ARM64
		{E66BD306-EE12-41B9-9817-54C48CBC3A03}.Debug|x64.ActiveCfg = Debug|x64
		{E66BD306-EE12-41B9-9817-54C48CBC3A03}.Debug|x64.Build.0 = Debug|x64
		{E66BD306-EE12-41B9-9817-54C48CBC3A03}.Debug|x64.Deploy.0 = Debug|x64
		{E66BD306-EE12-41B9-9817-54C48CBC3A03}.Debug|x86.ActiveCfg = Debug|Win32
		{E66BD306-EE12-41B9-9817-54C48CBC3A03}.Debug|x86.Build.0 = Debug|Win32
		{E66BD306-EE12-41B9-9817-54C48CBC3A03}.Debug|x86.Deploy.0 = Debug|Win32
		{E66BD306-EE12-41B9-9817-54C48CBC3A03}.Release|ARM.ActiveCfg = Release|ARM
		{E66BD306-EE12-41B9-9817-54C48CBC3A03}.Release|ARM.Build.0 = Release|ARM
		{E66BD306-EE12-41B9-9817-54C48CBC3A03}.Release|ARM.Deploy.0 = Release|ARM
		{E66BD306-EE12-41B9-9817-54C48CBC3A03}.Release|ARM64.ActiveCfg = Release|ARM64
		{E66BD306-EE12-41B9-9817-54C48CBC3A03}.Release|ARM64.Build.0 = Release|ARM64
		{E66BD306-EE12-41B9-9817-54C48CBC3A03}.Release|ARM64.Deploy.0 = Release|ARM64
		{E66BD306-EE12-41B9-9817-54C48CBC3A03}.Release|x64.ActiveCfg = Release|x64
		{E66BD306-EE12-41B9-9817-54C48CBC3A03}.Release|x64.Build.0 = Release|x64
		{E66BD306-EE12-41B9-9817-54C48CBC3A03}.Release|x64.Deploy.0 = Release|x64
		{E66BD306-EE12-41B9-9817-54C48CBC3A03}.Release|x86.ActiveCfg = Release|Win32
		{E66BD306-EE12-41B9-9817-54C48CBC3A03}.Release|x86.Build.0 = Release|Win32
		{E66BD306-EE12-41B9-9817-54C48CBC3A03}.Release|x86.Deploy.0 = Release|Win32
	EndGlobalSection
	GlobalSection(SolutionProperties) = preSolution
		HideSolutionNode = FALSE
	EndGlobalSection
	GlobalSection(ExtensibilityGlobals) = postSolution
		SolutionGuid = {2EB930C9-9A00-4EDD-A2C1-962BF1123852}
	EndGlobalSection
EndGlobal
